
Microsoft Visual Studio Solution File, Format Version 12.00
# Visual Studio Version 17
VisualStudioVersion = 17.6.33723.286
MinimumVisualStudioVersion = 10.0.40219.1
Project("{8BC9CEB8-8B4A-11D0-8D11-00A0C91BC942}") = "todo-list", "todo-list\todo-list.vcxproj", "{0DD48ECE-1EFB-4667-89CF-9750F0441D05}"
EndProject
Global
	GlobalSection(SolutionConfigurationPlatforms) = preSolution
		Debug|x64 = Debug|x64
		Debug|x86 = Debug|x86
		Release|x64 = Release|x64
		Release|x86 = Release|x86
	EndGlobalSection
	GlobalSection(ProjectConfigurationPlatforms) = postSolution
		{0DD48ECE-1EFB-4667-89CF-9750F0441D05}.Debug|x64.ActiveCfg = Debug|x64
		{0DD48ECE-1EFB-4667-89CF-9750F0441D05}.Debug|x64.Build.0 = Debug|x64
		{0DD48ECE-1EFB-4667-89CF-9750F0441D05}.Debug|x86.ActiveCfg = Debug|Win32
		{0DD48ECE-1EFB-4667-89CF-9750F0441D05}.Debug|x86.Build.0 = Debug|Win32
		{0DD48ECE-1EFB-4667-89CF-9750F0441D05}.Release|x64.ActiveCfg = Release|x64
		{0DD48ECE-1EFB-4667-89CF-9750F0441D05}.Release|x64.Build.0 = Release|x64
		{0DD48ECE-1EFB-4667-89CF-9750F0441D05}.Release|x86.ActiveCfg = Release|Win32
		{0DD48ECE-1EFB-4667-89CF-9750F0441D05}.Release|x86.Build.0 = Release|Win32
	EndGlobalSection
	GlobalSection(SolutionProperties) = preSolution
		HideSolutionNode = FALSE
	EndGlobalSection
	GlobalSection(ExtensibilityGlobals) = postSolution
		SolutionGuid = {EFB2662D-1FAD-438E-A196-DB8535593ED1}
	EndGlobalSection
EndGlobal
